
Microsoft Visual Studio Solution File, Format Version 12.00
# Visual Studio Version 16
VisualStudioVersion = 16.0.30114.105
MinimumVisualStudioVersion = 10.0.40219.1
Project("{FAE04EC0-301F-11D3-BF4B-00C04F79EFBC}") = "SchemaApi.App", "SchemaApi.App\SchemaApi.App.csproj", "{B2255D95-67C1-40D4-B3F4-1D839AC08988}"
EndProject
Project("{FAE04EC0-301F-11D3-BF4B-00C04F79EFBC}") = "SchemaApi.Tests", "SchemaApi.Tests\SchemaApi.Tests.csproj", "{46005D07-0B1D-4FCA-895D-5DAEB7259B62}"
EndProject
Global
	GlobalSection(SolutionConfigurationPlatforms) = preSolution
		Debug|Any CPU = Debug|Any CPU
		Release|Any CPU = Release|Any CPU
	EndGlobalSection
	GlobalSection(SolutionProperties) = preSolution
		HideSolutionNode = FALSE
	EndGlobalSection
	GlobalSection(ProjectConfigurationPlatforms) = postSolution
		{B2255D95-67C1-40D4-B3F4-1D839AC08988}.Debug|Any CPU.ActiveCfg = Debug|Any CPU
		{B2255D95-67C1-40D4-B3F4-1D839AC08988}.Debug|Any CPU.Build.0 = Debug|Any CPU
		{B2255D95-67C1-40D4-B3F4-1D839AC08988}.Release|Any CPU.ActiveCfg = Release|Any CPU
		{B2255D95-67C1-40D4-B3F4-1D839AC08988}.Release|Any CPU.Build.0 = Release|Any CPU
		{46005D07-0B1D-4FCA-895D-5DAEB7259B62}.Debug|Any CPU.ActiveCfg = Debug|Any CPU
		{46005D07-0B1D-4FCA-895D-5DAEB7259B62}.Debug|Any CPU.Build.0 = Debug|Any CPU
		{46005D07-0B1D-4FCA-895D-5DAEB7259B62}.Release|Any CPU.ActiveCfg = Release|Any CPU
		{46005D07-0B1D-4FCA-895D-5DAEB7259B62}.Release|Any CPU.Build.0 = Release|Any CPU
	EndGlobalSection
EndGlobal
